// !$*UTF8*$!
{
	archiveVersion = 1;
	classes = {
	};
	objectVersion = 54;
	objects = {

/* Begin PBXBuildFile section */
		058557BB273AAA24004C7B11 /* Assets.xcassets in Resources */ = {isa = PBXBuildFile; fileRef = 058557BA273AAA24004C7B11 /* Assets.xcassets */; };
		058557D9273AAEEB004C7B11 /* Preview Assets.xcassets in Resources */ = {isa = PBXBuildFile; fileRef = 058557D8273AAEEB004C7B11 /* Preview Assets.xcassets */; };
		1B18D06CCB937C00331FDD00 /*  CapsuleProgressView.swift in Sources */ = {isa = PBXBuildFile; fileRef = 1B18DF9CCC2EA922F8BE8450 /*  CapsuleProgressView.swift */; };
		1B18D0ACFECEB4CE012E3173 /* Donations.swift in Sources */ = {isa = PBXBuildFile; fileRef = 1B18D5FBE025C6FC87F9B9E7 /* Donations.swift */; };
		1B18D1D177DD2E44FA853AE7 /* ContentView.swift in Sources */ = {isa = PBXBuildFile; fileRef = 1B18D7024AE807CA4D546173 /* ContentView.swift */; };
		2152FB042600AC8F00CF470E /* iOSApp.swift in Sources */ = {isa = PBXBuildFile; fileRef = 2152FB032600AC8F00CF470E /* iOSApp.swift */; };
		276BB7AC2B3666C2000A22C5 /* Shared.framework in Frameworks */ = {isa = PBXBuildFile; fileRef = 276BB7AB2B3666C2000A22C5 /* Shared.framework */; };
		276BB7AD2B3666C2000A22C5 /* Shared.framework in Embed Frameworks */ = {isa = PBXBuildFile; fileRef = 276BB7AB2B3666C2000A22C5 /* Shared.framework */; settings = {ATTRIBUTES = (CodeSignOnCopy, RemoveHeadersOnCopy, ); }; };
		27AF00B929E230A1005B9633 /* RecipeDetailsStoreWrapper.swift in Sources */ = {isa = PBXBuildFile; fileRef = 27AF00B829E230A1005B9633 /* RecipeDetailsStoreWrapper.swift */; };
		27DF311029C0802600395DBC /* RecipeDetail.swift in Sources */ = {isa = PBXBuildFile; fileRef = 27DF310F29C0802600395DBC /* RecipeDetail.swift */; };
		27E1DD2C29F86DC2009CCEED /* StepsView.swift in Sources */ = {isa = PBXBuildFile; fileRef = 27E1DD2B29F86DC2009CCEED /* StepsView.swift */; };
		27E7249A2B36760700BBAA10 /* SDWebImageSwiftUI in Frameworks */ = {isa = PBXBuildFile; productRef = 27E724992B36760700BBAA10 /* SDWebImageSwiftUI */; };
		523B5906293478F100A5F74C /* MonitorStoreWrapper.swift in Sources */ = {isa = PBXBuildFile; fileRef = 523B5905293478F100A5F74C /* MonitorStoreWrapper.swift */; };
		523B590C2934849B00A5F74C /* AppDelgate.swift in Sources */ = {isa = PBXBuildFile; fileRef = 523B590B2934849B00A5F74C /* AppDelgate.swift */; };
		523B59112935091F00A5F74C /* MonitorScreen.swift in Sources */ = {isa = PBXBuildFile; fileRef = 523B59102935091F00A5F74C /* MonitorScreen.swift */; };
		523B591629350A4400A5F74C /* StartDependecyContainer.swift in Sources */ = {isa = PBXBuildFile; fileRef = 523B591529350A4400A5F74C /* StartDependecyContainer.swift */; };
		523B592D29350AA600A5F74C /* GroupButtonStyle+Extensions.swift in Sources */ = {isa = PBXBuildFile; fileRef = 523B591829350AA400A5F74C /* GroupButtonStyle+Extensions.swift */; };
		523B592E29350AA600A5F74C /* Images.swift in Sources */ = {isa = PBXBuildFile; fileRef = 523B591929350AA400A5F74C /* Images.swift */; };
		523B592F29350AA600A5F74C /* TextFields.swift in Sources */ = {isa = PBXBuildFile; fileRef = 523B591A29350AA400A5F74C /* TextFields.swift */; };
		523B593029350AA600A5F74C /* Checkboxes.swift in Sources */ = {isa = PBXBuildFile; fileRef = 523B591B29350AA400A5F74C /* Checkboxes.swift */; };
		523B593129350AA600A5F74C /* Cards.swift in Sources */ = {isa = PBXBuildFile; fileRef = 523B591C29350AA400A5F74C /* Cards.swift */; };
		523B593429350AA600A5F74C /* Typography.swift in Sources */ = {isa = PBXBuildFile; fileRef = 523B592029350AA400A5F74C /* Typography.swift */; };
		523B593529350AA600A5F74C /* NavigatorsTop.swift in Sources */ = {isa = PBXBuildFile; fileRef = 523B592129350AA400A5F74C /* NavigatorsTop.swift */; };
		523B593629350AA600A5F74C /* RadioButtons.swift in Sources */ = {isa = PBXBuildFile; fileRef = 523B592229350AA400A5F74C /* RadioButtons.swift */; };
		523B593729350AA600A5F74C /* DesignSystemAssets.xcassets in Resources */ = {isa = PBXBuildFile; fileRef = 523B592329350AA500A5F74C /* DesignSystemAssets.xcassets */; };
		523B593829350AA600A5F74C /* ButtonGroupStyle.swift in Sources */ = {isa = PBXBuildFile; fileRef = 523B592429350AA500A5F74C /* ButtonGroupStyle.swift */; };
		523B593929350AA600A5F74C /* Colors.swift in Sources */ = {isa = PBXBuildFile; fileRef = 523B592529350AA500A5F74C /* Colors.swift */; };
		523B593A29350AA600A5F74C /* Colors.xcassets in Resources */ = {isa = PBXBuildFile; fileRef = 523B592629350AA500A5F74C /* Colors.xcassets */; };
		523B593C29350AA600A5F74C /* Selection.swift in Sources */ = {isa = PBXBuildFile; fileRef = 523B592829350AA500A5F74C /* Selection.swift */; };
		523B593D29350AA600A5F74C /* Toggles.swift in Sources */ = {isa = PBXBuildFile; fileRef = 523B592929350AA500A5F74C /* Toggles.swift */; };
		523B593E29350AA600A5F74C /* RoundedCorner.swift in Sources */ = {isa = PBXBuildFile; fileRef = 523B592A29350AA500A5F74C /* RoundedCorner.swift */; };
		523B593F29350AA600A5F74C /* Buttons.swift in Sources */ = {isa = PBXBuildFile; fileRef = 523B592B29350AA500A5F74C /* Buttons.swift */; };
		523B594029350AA600A5F74C /* ButtonGroups.swift in Sources */ = {isa = PBXBuildFile; fileRef = 523B592C29350AA600A5F74C /* ButtonGroups.swift */; };
		523B59742936141F00A5F74C /* EuclidCircular-Bold.ttf in Resources */ = {isa = PBXBuildFile; fileRef = 523B596A2936141F00A5F74C /* EuclidCircular-Bold.ttf */; };
		523B59752936141F00A5F74C /* Euclid Circula-Regular.ttf in Resources */ = {isa = PBXBuildFile; fileRef = 523B596B2936141F00A5F74C /* Euclid Circula-Regular.ttf */; };
		523B59762936141F00A5F74C /* Euclid Circular-SemiBold.ttf in Resources */ = {isa = PBXBuildFile; fileRef = 523B596C2936141F00A5F74C /* Euclid Circular-SemiBold.ttf */; };
		523B597E29361AA000A5F74C /* StoredIngredient.swift in Sources */ = {isa = PBXBuildFile; fileRef = 523B597D29361AA000A5F74C /* StoredIngredient.swift */; };
		523B59862938369300A5F74C /* VisualEffect.swift in Sources */ = {isa = PBXBuildFile; fileRef = 523B59852938369300A5F74C /* VisualEffect.swift */; };
		52C339E22947567200C29312 /* RecipeScreen.swift in Sources */ = {isa = PBXBuildFile; fileRef = 52C339E12947567200C29312 /* RecipeScreen.swift */; };
		52C339E42947581400C29312 /* RecipeView.swift in Sources */ = {isa = PBXBuildFile; fileRef = 52C339E32947581400C29312 /* RecipeView.swift */; };
		52F564202944D89D00CA5571 /* StoreIngredientScreen.swift in Sources */ = {isa = PBXBuildFile; fileRef = 52F5641F2944D89D00CA5571 /* StoreIngredientScreen.swift */; };
		52F564222944D8F200CA5571 /* StoreIngredientWrapper.swift in Sources */ = {isa = PBXBuildFile; fileRef = 52F564212944D8F200CA5571 /* StoreIngredientWrapper.swift */; };
		52F564242946C05900CA5571 /* AutocompleteIngredient.swift in Sources */ = {isa = PBXBuildFile; fileRef = 52F564232946C05900CA5571 /* AutocompleteIngredient.swift */; };
		52F564272946F36400CA5571 /* RecipeStoreWrapper.swift in Sources */ = {isa = PBXBuildFile; fileRef = 52F564262946F36400CA5571 /* RecipeStoreWrapper.swift */; };
/* End PBXBuildFile section */

/* Begin PBXCopyFilesBuildPhase section */
		276BB7AE2B3666C2000A22C5 /* Embed Frameworks */ = {
			isa = PBXCopyFilesBuildPhase;
			buildActionMask = 2147483647;
			dstPath = "";
			dstSubfolderSpec = 10;
			files = (
				276BB7AD2B3666C2000A22C5 /* Shared.framework in Embed Frameworks */,
			);
			name = "Embed Frameworks";
			runOnlyForDeploymentPostprocessing = 0;
		};
/* End PBXCopyFilesBuildPhase section */

/* Begin PBXFileReference section */
		058557BA273AAA24004C7B11 /* Assets.xcassets */ = {isa = PBXFileReference; lastKnownFileType = folder.assetcatalog; path = Assets.xcassets; sourceTree = "<group>"; };
		058557D8273AAEEB004C7B11 /* Preview Assets.xcassets */ = {isa = PBXFileReference; lastKnownFileType = folder.assetcatalog; path = "Preview Assets.xcassets"; sourceTree = "<group>"; };
		1B18D5FBE025C6FC87F9B9E7 /* Donations.swift */ = {isa = PBXFileReference; fileEncoding = 4; lastKnownFileType = sourcecode.swift; path = Donations.swift; sourceTree = "<group>"; };
		1B18D7024AE807CA4D546173 /* ContentView.swift */ = {isa = PBXFileReference; fileEncoding = 4; lastKnownFileType = sourcecode.swift; path = ContentView.swift; sourceTree = "<group>"; };
		1B18DF9CCC2EA922F8BE8450 /*  CapsuleProgressView.swift */ = {isa = PBXFileReference; fileEncoding = 4; lastKnownFileType = sourcecode.swift; path = " CapsuleProgressView.swift"; sourceTree = "<group>"; };
		2152FB032600AC8F00CF470E /* iOSApp.swift */ = {isa = PBXFileReference; lastKnownFileType = sourcecode.swift; path = iOSApp.swift; sourceTree = "<group>"; };
		276BB7AB2B3666C2000A22C5 /* Shared.framework */ = {isa = PBXFileReference; lastKnownFileType = wrapper.framework; name = Shared.framework; path = "../shared/build/xcode-frameworks/Debug/iphonesimulator17.2/Shared.framework"; sourceTree = "<group>"; };
		276BB7B02B3668F9000A22C5 /* Config.xcconfig */ = {isa = PBXFileReference; fileEncoding = 4; lastKnownFileType = text.xcconfig; path = Config.xcconfig; sourceTree = "<group>"; };
		27AF00B829E230A1005B9633 /* RecipeDetailsStoreWrapper.swift */ = {isa = PBXFileReference; lastKnownFileType = sourcecode.swift; path = RecipeDetailsStoreWrapper.swift; sourceTree = "<group>"; };
		27DF310F29C0802600395DBC /* RecipeDetail.swift */ = {isa = PBXFileReference; lastKnownFileType = sourcecode.swift; path = RecipeDetail.swift; sourceTree = "<group>"; };
		27E1DD2B29F86DC2009CCEED /* StepsView.swift */ = {isa = PBXFileReference; lastKnownFileType = sourcecode.swift; path = StepsView.swift; sourceTree = "<group>"; };
		523B5905293478F100A5F74C /* MonitorStoreWrapper.swift */ = {isa = PBXFileReference; lastKnownFileType = sourcecode.swift; path = MonitorStoreWrapper.swift; sourceTree = "<group>"; };
		523B590B2934849B00A5F74C /* AppDelgate.swift */ = {isa = PBXFileReference; lastKnownFileType = sourcecode.swift; path = AppDelgate.swift; sourceTree = "<group>"; };
		523B59102935091F00A5F74C /* MonitorScreen.swift */ = {isa = PBXFileReference; lastKnownFileType = sourcecode.swift; path = MonitorScreen.swift; sourceTree = "<group>"; };
		523B591529350A4400A5F74C /* StartDependecyContainer.swift */ = {isa = PBXFileReference; lastKnownFileType = sourcecode.swift; path = StartDependecyContainer.swift; sourceTree = "<group>"; };
		523B591829350AA400A5F74C /* GroupButtonStyle+Extensions.swift */ = {isa = PBXFileReference; fileEncoding = 4; lastKnownFileType = sourcecode.swift; path = "GroupButtonStyle+Extensions.swift"; sourceTree = "<group>"; };
		523B591929350AA400A5F74C /* Images.swift */ = {isa = PBXFileReference; fileEncoding = 4; lastKnownFileType = sourcecode.swift; path = Images.swift; sourceTree = "<group>"; };
		523B591A29350AA400A5F74C /* TextFields.swift */ = {isa = PBXFileReference; fileEncoding = 4; lastKnownFileType = sourcecode.swift; path = TextFields.swift; sourceTree = "<group>"; };
		523B591B29350AA400A5F74C /* Checkboxes.swift */ = {isa = PBXFileReference; fileEncoding = 4; lastKnownFileType = sourcecode.swift; path = Checkboxes.swift; sourceTree = "<group>"; };
		523B591C29350AA400A5F74C /* Cards.swift */ = {isa = PBXFileReference; fileEncoding = 4; lastKnownFileType = sourcecode.swift; path = Cards.swift; sourceTree = "<group>"; };
		523B592029350AA400A5F74C /* Typography.swift */ = {isa = PBXFileReference; fileEncoding = 4; lastKnownFileType = sourcecode.swift; path = Typography.swift; sourceTree = "<group>"; };
		523B592129350AA400A5F74C /* NavigatorsTop.swift */ = {isa = PBXFileReference; fileEncoding = 4; lastKnownFileType = sourcecode.swift; path = NavigatorsTop.swift; sourceTree = "<group>"; };
		523B592229350AA400A5F74C /* RadioButtons.swift */ = {isa = PBXFileReference; fileEncoding = 4; lastKnownFileType = sourcecode.swift; path = RadioButtons.swift; sourceTree = "<group>"; };
		523B592329350AA500A5F74C /* DesignSystemAssets.xcassets */ = {isa = PBXFileReference; lastKnownFileType = folder.assetcatalog; path = DesignSystemAssets.xcassets; sourceTree = "<group>"; };
		523B592429350AA500A5F74C /* ButtonGroupStyle.swift */ = {isa = PBXFileReference; fileEncoding = 4; lastKnownFileType = sourcecode.swift; path = ButtonGroupStyle.swift; sourceTree = "<group>"; };
		523B592529350AA500A5F74C /* Colors.swift */ = {isa = PBXFileReference; fileEncoding = 4; lastKnownFileType = sourcecode.swift; path = Colors.swift; sourceTree = "<group>"; };
		523B592629350AA500A5F74C /* Colors.xcassets */ = {isa = PBXFileReference; lastKnownFileType = folder.assetcatalog; path = Colors.xcassets; sourceTree = "<group>"; };
		523B592829350AA500A5F74C /* Selection.swift */ = {isa = PBXFileReference; fileEncoding = 4; lastKnownFileType = sourcecode.swift; path = Selection.swift; sourceTree = "<group>"; };
		523B592929350AA500A5F74C /* Toggles.swift */ = {isa = PBXFileReference; fileEncoding = 4; lastKnownFileType = sourcecode.swift; path = Toggles.swift; sourceTree = "<group>"; };
		523B592A29350AA500A5F74C /* RoundedCorner.swift */ = {isa = PBXFileReference; fileEncoding = 4; lastKnownFileType = sourcecode.swift; path = RoundedCorner.swift; sourceTree = "<group>"; };
		523B592B29350AA500A5F74C /* Buttons.swift */ = {isa = PBXFileReference; fileEncoding = 4; lastKnownFileType = sourcecode.swift; path = Buttons.swift; sourceTree = "<group>"; };
		523B592C29350AA600A5F74C /* ButtonGroups.swift */ = {isa = PBXFileReference; fileEncoding = 4; lastKnownFileType = sourcecode.swift; path = ButtonGroups.swift; sourceTree = "<group>"; };
		523B596A2936141F00A5F74C /* EuclidCircular-Bold.ttf */ = {isa = PBXFileReference; lastKnownFileType = file; path = "EuclidCircular-Bold.ttf"; sourceTree = "<group>"; };
		523B596B2936141F00A5F74C /* Euclid Circula-Regular.ttf */ = {isa = PBXFileReference; lastKnownFileType = file; path = "Euclid Circula-Regular.ttf"; sourceTree = "<group>"; };
		523B596C2936141F00A5F74C /* Euclid Circular-SemiBold.ttf */ = {isa = PBXFileReference; lastKnownFileType = file; path = "Euclid Circular-SemiBold.ttf"; sourceTree = "<group>"; };
		523B597D29361AA000A5F74C /* StoredIngredient.swift */ = {isa = PBXFileReference; lastKnownFileType = sourcecode.swift; path = StoredIngredient.swift; sourceTree = "<group>"; };
		523B59852938369300A5F74C /* VisualEffect.swift */ = {isa = PBXFileReference; lastKnownFileType = sourcecode.swift; path = VisualEffect.swift; sourceTree = "<group>"; };
		52C339E12947567200C29312 /* RecipeScreen.swift */ = {isa = PBXFileReference; lastKnownFileType = sourcecode.swift; path = RecipeScreen.swift; sourceTree = "<group>"; };
		52C339E32947581400C29312 /* RecipeView.swift */ = {isa = PBXFileReference; lastKnownFileType = sourcecode.swift; path = RecipeView.swift; sourceTree = "<group>"; };
		52F5641F2944D89D00CA5571 /* StoreIngredientScreen.swift */ = {isa = PBXFileReference; lastKnownFileType = sourcecode.swift; path = StoreIngredientScreen.swift; sourceTree = "<group>"; };
		52F564212944D8F200CA5571 /* StoreIngredientWrapper.swift */ = {isa = PBXFileReference; lastKnownFileType = sourcecode.swift; path = StoreIngredientWrapper.swift; sourceTree = "<group>"; };
		52F564232946C05900CA5571 /* AutocompleteIngredient.swift */ = {isa = PBXFileReference; lastKnownFileType = sourcecode.swift; path = AutocompleteIngredient.swift; sourceTree = "<group>"; };
		52F564262946F36400CA5571 /* RecipeStoreWrapper.swift */ = {isa = PBXFileReference; lastKnownFileType = sourcecode.swift; path = RecipeStoreWrapper.swift; sourceTree = "<group>"; };
		7555FF7B242A565900829871 /* Ramen.app */ = {isa = PBXFileReference; explicitFileType = wrapper.application; includeInIndex = 0; path = Ramen.app; sourceTree = BUILT_PRODUCTS_DIR; };
		7555FF8C242A565B00829871 /* Info.plist */ = {isa = PBXFileReference; lastKnownFileType = text.plist.xml; path = Info.plist; sourceTree = "<group>"; };
/* End PBXFileReference section */

/* Begin PBXFrameworksBuildPhase section */
		52E308F9373AC53D1C67BEDA /* Frameworks */ = {
			isa = PBXFrameworksBuildPhase;
			buildActionMask = 2147483647;
			files = (
				27E7249A2B36760700BBAA10 /* SDWebImageSwiftUI in Frameworks */,
				276BB7AC2B3666C2000A22C5 /* Shared.framework in Frameworks */,
			);
			runOnlyForDeploymentPostprocessing = 0;
		};
/* End PBXFrameworksBuildPhase section */

/* Begin PBXGroup section */
		058557D7273AAEEB004C7B11 /* Preview Content */ = {
			isa = PBXGroup;
			children = (
				058557D8273AAEEB004C7B11 /* Preview Assets.xcassets */,
			);
			path = "Preview Content";
			sourceTree = "<group>";
		};
		1B18D6A9E4917611F5D489FF /* xcschemes */ = {
			isa = PBXGroup;
			children = (
			);
			name = xcschemes;
			path = iosApp.xcodeproj/project.xcworkspace/xcuserdata/ahmedelshaer.xcuserdatad/xcschemes;
			sourceTree = "<group>";
		};
		1B18DF584BCBBC14C757C29A /* Donation */ = {
			isa = PBXGroup;
			children = (
				1B18D5FBE025C6FC87F9B9E7 /* Donations.swift */,
			);
			path = Donation;
			sourceTree = "<group>";
		};
		276BB7AA2B3666C2000A22C5 /* Frameworks */ = {
			isa = PBXGroup;
			children = (
				276BB7AB2B3666C2000A22C5 /* Shared.framework */,
			);
			name = Frameworks;
			sourceTree = "<group>";
		};
		276BB7AF2B3668F9000A22C5 /* Configuration */ = {
			isa = PBXGroup;
			children = (
				276BB7B02B3668F9000A22C5 /* Config.xcconfig */,
			);
			path = Configuration;
			sourceTree = "<group>";
		};
		27AF00B729E23082005B9633 /* Details */ = {
			isa = PBXGroup;
			children = (
				27DF310F29C0802600395DBC /* RecipeDetail.swift */,
				27AF00B829E230A1005B9633 /* RecipeDetailsStoreWrapper.swift */,
			);
			path = Details;
			sourceTree = "<group>";
		};
		27E1DD2A29F86DA2009CCEED /* Steps */ = {
			isa = PBXGroup;
			children = (
				27E1DD2B29F86DC2009CCEED /* StepsView.swift */,
			);
			path = Steps;
			sourceTree = "<group>";
		};
		5217E64F29417020004D7F1C /* Extensions */ = {
			isa = PBXGroup;
			children = (
			);
			path = Extensions;
			sourceTree = "<group>";
		};
		523B590F293508F700A5F74C /* Monitor */ = {
			isa = PBXGroup;
			children = (
				523B5905293478F100A5F74C /* MonitorStoreWrapper.swift */,
				523B59102935091F00A5F74C /* MonitorScreen.swift */,
			);
			path = Monitor;
			sourceTree = "<group>";
		};
		523B59122935097300A5F74C /* App */ = {
			isa = PBXGroup;
			children = (
				523B591529350A4400A5F74C /* StartDependecyContainer.swift */,
				2152FB032600AC8F00CF470E /* iOSApp.swift */,
				523B590B2934849B00A5F74C /* AppDelgate.swift */,
				1B18D7024AE807CA4D546173 /* ContentView.swift */,
			);
			path = App;
			sourceTree = "<group>";
		};
		523B591729350A7000A5F74C /* Design System */ = {
			isa = PBXGroup;
			children = (
				523B597C29361A3700A5F74C /* Components */,
				523B592C29350AA600A5F74C /* ButtonGroups.swift */,
				523B592429350AA500A5F74C /* ButtonGroupStyle.swift */,
				523B592B29350AA500A5F74C /* Buttons.swift */,
				523B591C29350AA400A5F74C /* Cards.swift */,
				523B591B29350AA400A5F74C /* Checkboxes.swift */,
				523B592529350AA500A5F74C /* Colors.swift */,
				523B592629350AA500A5F74C /* Colors.xcassets */,
				523B592329350AA500A5F74C /* DesignSystemAssets.xcassets */,
				523B591829350AA400A5F74C /* GroupButtonStyle+Extensions.swift */,
				523B591929350AA400A5F74C /* Images.swift */,
				523B592129350AA400A5F74C /* NavigatorsTop.swift */,
				523B592229350AA400A5F74C /* RadioButtons.swift */,
				523B592A29350AA500A5F74C /* RoundedCorner.swift */,
				523B592829350AA500A5F74C /* Selection.swift */,
				523B591A29350AA400A5F74C /* TextFields.swift */,
				523B592929350AA500A5F74C /* Toggles.swift */,
				523B592029350AA400A5F74C /* Typography.swift */,
				523B59852938369300A5F74C /* VisualEffect.swift */,
			);
			path = "Design System";
			sourceTree = "<group>";
		};
		523B597C29361A3700A5F74C /* Components */ = {
			isa = PBXGroup;
			children = (
				523B597D29361AA000A5F74C /* StoredIngredient.swift */,
				52F564232946C05900CA5571 /* AutocompleteIngredient.swift */,
				52C339E32947581400C29312 /* RecipeView.swift */,
				1B18DF9CCC2EA922F8BE8450 /*  CapsuleProgressView.swift */,
			);
			path = Components;
			sourceTree = "<group>";
		};
		523B598029362B5600A5F74C /* Fonts */ = {
			isa = PBXGroup;
			children = (
				523B596A2936141F00A5F74C /* EuclidCircular-Bold.ttf */,
				523B596B2936141F00A5F74C /* Euclid Circula-Regular.ttf */,
				523B596C2936141F00A5F74C /* Euclid Circular-SemiBold.ttf */,
			);
			path = Fonts;
			sourceTree = "<group>";
		};
		52F5641E2944D88300CA5571 /* Store Ingredient */ = {
			isa = PBXGroup;
			children = (
				52F5641F2944D89D00CA5571 /* StoreIngredientScreen.swift */,
				52F564212944D8F200CA5571 /* StoreIngredientWrapper.swift */,
			);
			path = "Store Ingredient";
			sourceTree = "<group>";
		};
		52F564252946F35100CA5571 /* Recipes */ = {
			isa = PBXGroup;
			children = (
				52F564262946F36400CA5571 /* RecipeStoreWrapper.swift */,
				52C339E12947567200C29312 /* RecipeScreen.swift */,
			);
			path = Recipes;
			sourceTree = "<group>";
		};
		7555FF72242A565900829871 = {
			isa = PBXGroup;
			children = (
				276BB7AF2B3668F9000A22C5 /* Configuration */,
				7555FF7D242A565900829871 /* iosApp */,
				7555FF7C242A565900829871 /* Products */,
				1B18D6A9E4917611F5D489FF /* xcschemes */,
				276BB7AA2B3666C2000A22C5 /* Frameworks */,
			);
			sourceTree = "<group>";
		};
		7555FF7C242A565900829871 /* Products */ = {
			isa = PBXGroup;
			children = (
				7555FF7B242A565900829871 /* Ramen.app */,
			);
			name = Products;
			sourceTree = "<group>";
		};
		7555FF7D242A565900829871 /* iosApp */ = {
			isa = PBXGroup;
			children = (
				27E1DD2A29F86DA2009CCEED /* Steps */,
				27AF00B729E23082005B9633 /* Details */,
				52F564252946F35100CA5571 /* Recipes */,
				52F5641E2944D88300CA5571 /* Store Ingredient */,
				5217E64F29417020004D7F1C /* Extensions */,
				523B598029362B5600A5F74C /* Fonts */,
				523B591729350A7000A5F74C /* Design System */,
				523B59122935097300A5F74C /* App */,
				523B590F293508F700A5F74C /* Monitor */,
				058557BA273AAA24004C7B11 /* Assets.xcassets */,
				7555FF8C242A565B00829871 /* Info.plist */,
				058557D7273AAEEB004C7B11 /* Preview Content */,
				1B18DF584BCBBC14C757C29A /* Donation */,
			);
			path = iosApp;
			sourceTree = "<group>";
		};
/* End PBXGroup section */

/* Begin PBXNativeTarget section */
		7555FF7A242A565900829871 /* iosApp */ = {
			isa = PBXNativeTarget;
			buildConfigurationList = 7555FFA5242A565B00829871 /* Build configuration list for PBXNativeTarget "iosApp" */;
			buildPhases = (
				2711BE292B23EA24005B0F1D /* Compile Kotlin */,
				7555FF77242A565900829871 /* Sources */,
				7555FF79242A565900829871 /* Resources */,
				52E308F9373AC53D1C67BEDA /* Frameworks */,
				276BB7AE2B3666C2000A22C5 /* Embed Frameworks */,
			);
			buildRules = (
			);
			dependencies = (
			);
			name = iosApp;
			packageProductDependencies = (
				27E724992B36760700BBAA10 /* SDWebImageSwiftUI */,
			);
			productName = iosApp;
			productReference = 7555FF7B242A565900829871 /* Ramen.app */;
			productType = "com.apple.product-type.application";
		};
/* End PBXNativeTarget section */

/* Begin PBXProject section */
		7555FF73242A565900829871 /* Project object */ = {
			isa = PBXProject;
			attributes = {
				LastSwiftUpdateCheck = 1130;
				LastUpgradeCheck = 1510;
				ORGANIZATIONNAME = orgName;
				TargetAttributes = {
					7555FF7A242A565900829871 = {
						CreatedOnToolsVersion = 11.3.1;
					};
				};
			};
			buildConfigurationList = 7555FF76242A565900829871 /* Build configuration list for PBXProject "iosApp" */;
			compatibilityVersion = "Xcode 9.3";
			developmentRegion = en;
			hasScannedForEncodings = 0;
			knownRegions = (
				en,
				Base,
			);
			mainGroup = 7555FF72242A565900829871;
			packageReferences = (
				27E724982B36760700BBAA10 /* XCRemoteSwiftPackageReference "SDWebImageSwiftUI" */,
			);
			productRefGroup = 7555FF7C242A565900829871 /* Products */;
			projectDirPath = "";
			projectRoot = "";
			targets = (
				7555FF7A242A565900829871 /* iosApp */,
			);
		};
/* End PBXProject section */

/* Begin PBXResourcesBuildPhase section */
		7555FF79242A565900829871 /* Resources */ = {
			isa = PBXResourcesBuildPhase;
			buildActionMask = 2147483647;
			files = (
				523B59762936141F00A5F74C /* Euclid Circular-SemiBold.ttf in Resources */,
				523B593A29350AA600A5F74C /* Colors.xcassets in Resources */,
				523B59742936141F00A5F74C /* EuclidCircular-Bold.ttf in Resources */,
				058557D9273AAEEB004C7B11 /* Preview Assets.xcassets in Resources */,
				523B593729350AA600A5F74C /* DesignSystemAssets.xcassets in Resources */,
				058557BB273AAA24004C7B11 /* Assets.xcassets in Resources */,
				523B59752936141F00A5F74C /* Euclid Circula-Regular.ttf in Resources */,
			);
			runOnlyForDeploymentPostprocessing = 0;
		};
/* End PBXResourcesBuildPhase section */

/* Begin PBXShellScriptBuildPhase section */
		2711BE292B23EA24005B0F1D /* Compile Kotlin */ = {
			isa = PBXShellScriptBuildPhase;
			buildActionMask = 2147483647;
			files = (
			);
			inputFileListPaths = (
			);
			inputPaths = (
			);
			name = "Compile Kotlin";
			outputFileListPaths = (
			);
			outputPaths = (
			);
			runOnlyForDeploymentPostprocessing = 0;
			shellPath = /bin/sh;
			shellScript = "if [ \"YES\" = \"$OVERRIDE_KOTLIN_BUILD_IDE_SUPPORTED\" ]; then\n  echo \"Skipping Gradle build task invocation due to OVERRIDE_KOTLIN_BUILD_IDE_SUPPORTED environment variable set to \\\"YES\\\"\"\n  exit 0\nfi\ncd \"$SRCROOT/..\"\n./gradlew :shared:embedAndSignAppleFrameworkForXcode\n";
		};
/* End PBXShellScriptBuildPhase section */

/* Begin PBXSourcesBuildPhase section */
		7555FF77242A565900829871 /* Sources */ = {
			isa = PBXSourcesBuildPhase;
			buildActionMask = 2147483647;
			files = (
				523B593429350AA600A5F74C /* Typography.swift in Sources */,
				523B594029350AA600A5F74C /* ButtonGroups.swift in Sources */,
				52F564242946C05900CA5571 /* AutocompleteIngredient.swift in Sources */,
				523B593929350AA600A5F74C /* Colors.swift in Sources */,
				52F564202944D89D00CA5571 /* StoreIngredientScreen.swift in Sources */,
				523B593D29350AA600A5F74C /* Toggles.swift in Sources */,
				27E1DD2C29F86DC2009CCEED /* StepsView.swift in Sources */,
				523B593029350AA600A5F74C /* Checkboxes.swift in Sources */,
				523B592D29350AA600A5F74C /* GroupButtonStyle+Extensions.swift in Sources */,
				27AF00B929E230A1005B9633 /* RecipeDetailsStoreWrapper.swift in Sources */,
				523B590C2934849B00A5F74C /* AppDelgate.swift in Sources */,
				523B59862938369300A5F74C /* VisualEffect.swift in Sources */,
				52C339E42947581400C29312 /* RecipeView.swift in Sources */,
				2152FB042600AC8F00CF470E /* iOSApp.swift in Sources */,
				523B59112935091F00A5F74C /* MonitorScreen.swift in Sources */,
				523B593129350AA600A5F74C /* Cards.swift in Sources */,
				52F564272946F36400CA5571 /* RecipeStoreWrapper.swift in Sources */,
				27DF311029C0802600395DBC /* RecipeDetail.swift in Sources */,
				523B593F29350AA600A5F74C /* Buttons.swift in Sources */,
				523B593829350AA600A5F74C /* ButtonGroupStyle.swift in Sources */,
				52F564222944D8F200CA5571 /* StoreIngredientWrapper.swift in Sources */,
				52C339E22947567200C29312 /* RecipeScreen.swift in Sources */,
				523B597E29361AA000A5F74C /* StoredIngredient.swift in Sources */,
				523B592F29350AA600A5F74C /* TextFields.swift in Sources */,
				523B593529350AA600A5F74C /* NavigatorsTop.swift in Sources */,
				523B593629350AA600A5F74C /* RadioButtons.swift in Sources */,
				523B593C29350AA600A5F74C /* Selection.swift in Sources */,
				523B592E29350AA600A5F74C /* Images.swift in Sources */,
				523B591629350A4400A5F74C /* StartDependecyContainer.swift in Sources */,
				523B593E29350AA600A5F74C /* RoundedCorner.swift in Sources */,
				523B5906293478F100A5F74C /* MonitorStoreWrapper.swift in Sources */,
				1B18D1D177DD2E44FA853AE7 /* ContentView.swift in Sources */,
				1B18D06CCB937C00331FDD00 /*  CapsuleProgressView.swift in Sources */,
				1B18D0ACFECEB4CE012E3173 /* Donations.swift in Sources */,
			);
			runOnlyForDeploymentPostprocessing = 0;
		};
/* End PBXSourcesBuildPhase section */

/* Begin XCBuildConfiguration section */
		7555FFA3242A565B00829871 /* Debug */ = {
			isa = XCBuildConfiguration;
			baseConfigurationReference = 276BB7B02B3668F9000A22C5 /* Config.xcconfig */;
			buildSettings = {
				ALWAYS_SEARCH_USER_PATHS = NO;
				CLANG_ANALYZER_NONNULL = YES;
				CLANG_ANALYZER_NUMBER_OBJECT_CONVERSION = YES_AGGRESSIVE;
				CLANG_CXX_LANGUAGE_STANDARD = "gnu++14";
				CLANG_CXX_LIBRARY = "libc++";
				CLANG_ENABLE_MODULES = YES;
				CLANG_ENABLE_OBJC_ARC = YES;
				CLANG_ENABLE_OBJC_WEAK = YES;
				CLANG_WARN_BLOCK_CAPTURE_AUTORELEASING = YES;
				CLANG_WARN_BOOL_CONVERSION = YES;
				CLANG_WARN_COMMA = YES;
				CLANG_WARN_CONSTANT_CONVERSION = YES;
				CLANG_WARN_DEPRECATED_OBJC_IMPLEMENTATIONS = YES;
				CLANG_WARN_DIRECT_OBJC_ISA_USAGE = YES_ERROR;
				CLANG_WARN_DOCUMENTATION_COMMENTS = YES;
				CLANG_WARN_EMPTY_BODY = YES;
				CLANG_WARN_ENUM_CONVERSION = YES;
				CLANG_WARN_INFINITE_RECURSION = YES;
				CLANG_WARN_INT_CONVERSION = YES;
				CLANG_WARN_NON_LITERAL_NULL_CONVERSION = YES;
				CLANG_WARN_OBJC_IMPLICIT_RETAIN_SELF = YES;
				CLANG_WARN_OBJC_LITERAL_CONVERSION = YES;
				CLANG_WARN_OBJC_ROOT_CLASS = YES_ERROR;
				CLANG_WARN_QUOTED_INCLUDE_IN_FRAMEWORK_HEADER = YES;
				CLANG_WARN_RANGE_LOOP_ANALYSIS = YES;
				CLANG_WARN_STRICT_PROTOTYPES = YES;
				CLANG_WARN_SUSPICIOUS_MOVE = YES;
				CLANG_WARN_UNGUARDED_AVAILABILITY = YES_AGGRESSIVE;
				CLANG_WARN_UNREACHABLE_CODE = YES;
				CLANG_WARN__DUPLICATE_METHOD_MATCH = YES;
				COPY_PHASE_STRIP = NO;
				DEBUG_INFORMATION_FORMAT = "dwarf-with-dsym";
				ENABLE_STRICT_OBJC_MSGSEND = YES;
				ENABLE_TESTABILITY = YES;
				ENABLE_USER_SCRIPT_SANDBOXING = YES;
				GCC_C_LANGUAGE_STANDARD = gnu11;
				GCC_DYNAMIC_NO_PIC = NO;
				GCC_NO_COMMON_BLOCKS = YES;
				GCC_OPTIMIZATION_LEVEL = 0;
				GCC_PREPROCESSOR_DEFINITIONS = (
					"DEBUG=1",
					"$(inherited)",
				);
				GCC_WARN_64_TO_32_BIT_CONVERSION = YES;
				GCC_WARN_ABOUT_RETURN_TYPE = YES_ERROR;
				GCC_WARN_UNDECLARED_SELECTOR = YES;
				GCC_WARN_UNINITIALIZED_AUTOS = YES_AGGRESSIVE;
				GCC_WARN_UNUSED_FUNCTION = YES;
				GCC_WARN_UNUSED_VARIABLE = YES;
				IPHONEOS_DEPLOYMENT_TARGET = 15.0;
				MTL_ENABLE_DEBUG_INFO = INCLUDE_SOURCE;
				MTL_FAST_MATH = YES;
				ONLY_ACTIVE_ARCH = YES;
				SDKROOT = iphoneos;
				SWIFT_ACTIVE_COMPILATION_CONDITIONS = DEBUG;
				SWIFT_OPTIMIZATION_LEVEL = "-Onone";
			};
			name = Debug;
		};
		7555FFA4242A565B00829871 /* Release */ = {
			isa = XCBuildConfiguration;
			baseConfigurationReference = 276BB7B02B3668F9000A22C5 /* Config.xcconfig */;
			buildSettings = {
				ALWAYS_SEARCH_USER_PATHS = NO;
				CLANG_ANALYZER_NONNULL = YES;
				CLANG_ANALYZER_NUMBER_OBJECT_CONVERSION = YES_AGGRESSIVE;
				CLANG_CXX_LANGUAGE_STANDARD = "gnu++14";
				CLANG_CXX_LIBRARY = "libc++";
				CLANG_ENABLE_MODULES = YES;
				CLANG_ENABLE_OBJC_ARC = YES;
				CLANG_ENABLE_OBJC_WEAK = YES;
				CLANG_WARN_BLOCK_CAPTURE_AUTORELEASING = YES;
				CLANG_WARN_BOOL_CONVERSION = YES;
				CLANG_WARN_COMMA = YES;
				CLANG_WARN_CONSTANT_CONVERSION = YES;
				CLANG_WARN_DEPRECATED_OBJC_IMPLEMENTATIONS = YES;
				CLANG_WARN_DIRECT_OBJC_ISA_USAGE = YES_ERROR;
				CLANG_WARN_DOCUMENTATION_COMMENTS = YES;
				CLANG_WARN_EMPTY_BODY = YES;
				CLANG_WARN_ENUM_CONVERSION = YES;
				CLANG_WARN_INFINITE_RECURSION = YES;
				CLANG_WARN_INT_CONVERSION = YES;
				CLANG_WARN_NON_LITERAL_NULL_CONVERSION = YES;
				CLANG_WARN_OBJC_IMPLICIT_RETAIN_SELF = YES;
				CLANG_WARN_OBJC_LITERAL_CONVERSION = YES;
				CLANG_WARN_OBJC_ROOT_CLASS = YES_ERROR;
				CLANG_WARN_QUOTED_INCLUDE_IN_FRAMEWORK_HEADER = YES;
				CLANG_WARN_RANGE_LOOP_ANALYSIS = YES;
				CLANG_WARN_STRICT_PROTOTYPES = YES;
				CLANG_WARN_SUSPICIOUS_MOVE = YES;
				CLANG_WARN_UNGUARDED_AVAILABILITY = YES_AGGRESSIVE;
				CLANG_WARN_UNREACHABLE_CODE = YES;
				CLANG_WARN__DUPLICATE_METHOD_MATCH = YES;
				COPY_PHASE_STRIP = NO;
				DEBUG_INFORMATION_FORMAT = "dwarf-with-dsym";
				ENABLE_NS_ASSERTIONS = NO;
				ENABLE_STRICT_OBJC_MSGSEND = YES;
				ENABLE_USER_SCRIPT_SANDBOXING = YES;
				GCC_C_LANGUAGE_STANDARD = gnu11;
				GCC_NO_COMMON_BLOCKS = YES;
				GCC_WARN_64_TO_32_BIT_CONVERSION = YES;
				GCC_WARN_ABOUT_RETURN_TYPE = YES_ERROR;
				GCC_WARN_UNDECLARED_SELECTOR = YES;
				GCC_WARN_UNINITIALIZED_AUTOS = YES_AGGRESSIVE;
				GCC_WARN_UNUSED_FUNCTION = YES;
				GCC_WARN_UNUSED_VARIABLE = YES;
				IPHONEOS_DEPLOYMENT_TARGET = 15.0;
				MTL_ENABLE_DEBUG_INFO = NO;
				MTL_FAST_MATH = YES;
				SDKROOT = iphoneos;
				SWIFT_COMPILATION_MODE = wholemodule;
				SWIFT_OPTIMIZATION_LEVEL = "-O";
				VALIDATE_PRODUCT = YES;
			};
			name = Release;
		};
		7555FFA6242A565B00829871 /* Debug */ = {
			isa = XCBuildConfiguration;
			buildSettings = {
				ASSETCATALOG_COMPILER_APPICON_NAME = AppIcon;
				CODE_SIGN_STYLE = Automatic;
				DEVELOPMENT_ASSET_PATHS = "\"iosApp/Preview Content\"";
				DEVELOPMENT_TEAM = 47FHNQ93RP;
				ENABLE_PREVIEWS = YES;
				FRAMEWORK_SEARCH_PATHS = (
					"$(SRCROOT)/../shared/build/xcode-frameworks/$(CONFIGURATION)/$(SDK_NAME)",
					"$(SRCROOT)/../shared/build/xcode-frameworks/$(CONFIGURATION)/$(SDK_NAME)",
					"$(SRCROOT)/../shared/build/xcode-frameworks/$(CONFIGURATION)/$(SDK_NAME)",
				);
				INFOPLIST_FILE = iosApp/Info.plist;
				INFOPLIST_KEY_CFBundleDisplayName = Ramen;
				INFOPLIST_KEY_LSApplicationCategoryType = "public.app-category.food-and-drink";
				LD_RUNPATH_SEARCH_PATHS = (
					"$(inherited)",
					"@executable_path/Frameworks",
				);
				OTHER_LDFLAGS = (
					"$(inherited)",
					"-framework",
					shared,
				);
				PRODUCT_BUNDLE_IDENTIFIER = com.ramen.ios;
				PRODUCT_NAME = Ramen;
				SWIFT_VERSION = 5.0;
				TARGETED_DEVICE_FAMILY = "1,2";
			};
			name = Debug;
		};
		7555FFA7242A565B00829871 /* Release */ = {
			isa = XCBuildConfiguration;
			buildSettings = {
				ASSETCATALOG_COMPILER_APPICON_NAME = AppIcon;
				CODE_SIGN_STYLE = Automatic;
				DEVELOPMENT_ASSET_PATHS = "\"iosApp/Preview Content\"";
				DEVELOPMENT_TEAM = 47FHNQ93RP;
				ENABLE_PREVIEWS = YES;
				FRAMEWORK_SEARCH_PATHS = (
					"$(SRCROOT)/../shared/build/xcode-frameworks/$(CONFIGURATION)/$(SDK_NAME)",
					"$(SRCROOT)/../shared/build/xcode-frameworks/$(CONFIGURATION)/$(SDK_NAME)",
					"$(SRCROOT)/../shared/build/xcode-frameworks/$(CONFIGURATION)/$(SDK_NAME)",
				);
				INFOPLIST_FILE = iosApp/Info.plist;
				INFOPLIST_KEY_CFBundleDisplayName = Ramen;
				INFOPLIST_KEY_LSApplicationCategoryType = "public.app-category.food-and-drink";
				LD_RUNPATH_SEARCH_PATHS = (
					"$(inherited)",
					"@executable_path/Frameworks",
				);
				OTHER_LDFLAGS = (
					"$(inherited)",
					"-framework",
					shared,
				);
				PRODUCT_BUNDLE_IDENTIFIER = com.ramen.ios;
				PRODUCT_NAME = Ramen;
				SWIFT_VERSION = 5.0;
				TARGETED_DEVICE_FAMILY = "1,2";
			};
			name = Release;
		};
/* End XCBuildConfiguration section */

/* Begin XCConfigurationList section */
		7555FF76242A565900829871 /* Build configuration list for PBXProject "iosApp" */ = {
			isa = XCConfigurationList;
			buildConfigurations = (
				7555FFA3242A565B00829871 /* Debug */,
				7555FFA4242A565B00829871 /* Release */,
			);
			defaultConfigurationIsVisible = 0;
			defaultConfigurationName = Release;
		};
		7555FFA5242A565B00829871 /* Build configuration list for PBXNativeTarget "iosApp" */ = {
			isa = XCConfigurationList;
			buildConfigurations = (
				7555FFA6242A565B00829871 /* Debug */,
				7555FFA7242A565B00829871 /* Release */,
			);
			defaultConfigurationIsVisible = 0;
			defaultConfigurationName = Release;
		};
/* End XCConfigurationList section */

/* Begin XCRemoteSwiftPackageReference section */
		27E724982B36760700BBAA10 /* XCRemoteSwiftPackageReference "SDWebImageSwiftUI" */ = {
			isa = XCRemoteSwiftPackageReference;
			repositoryURL = "https://github.com/SDWebImage/SDWebImageSwiftUI";
			requirement = {
				kind = upToNextMajorVersion;
				minimumVersion = 2.2.6;
			};
		};
/* End XCRemoteSwiftPackageReference section */

/* Begin XCSwiftPackageProductDependency section */
		27E724992B36760700BBAA10 /* SDWebImageSwiftUI */ = {
			isa = XCSwiftPackageProductDependency;
			package = 27E724982B36760700BBAA10 /* XCRemoteSwiftPackageReference "SDWebImageSwiftUI" */;
			productName = SDWebImageSwiftUI;
		};
/* End XCSwiftPackageProductDependency section */
	};
	rootObject = 7555FF73242A565900829871 /* Project object */;
}
